<?xml version="1.0" encoding="utf-8"?>
<Project xmlns="http://schemas.microsoft.com/developer/msbuild/2003" ToolsVersion="14.0">
  <ItemGroup>
    <ClCompile Include="api.c" />
    <ClCompile Include="dll.c" />
    <ClCompile Include="hooks.c" />
    <ClCompile Include="wow64.c" />
    <ClCompile Include="conhost.c" />
  </ItemGroup>
  <ItemGroup>
    <ClInclude Include="resource.h" />
    <ClInclude Include="dll.h" />
    <ClInclude Include="hooks.h" />
  </ItemGroup>
  <ItemGroup>
    <ResourceCompile Include="resource.rc" />
  </ItemGroup>
  <ItemGroup>
    <None Include="dll.def" />
  </ItemGroup>
</Project>